// !$*UTF8*$!
{
	archiveVersion = 1;
	classes = {
	};
	objectVersion = 56;
	objects = {

/* Begin PBXBuildFile section */
		A8355E3E291289A100D9A6F3 /* AppDelegate.swift in Sources */ = {isa = PBXBuildFile; fileRef = A8355E3D291289A100D9A6F3 /* AppDelegate.swift */; };
		A8355E40291289A100D9A6F3 /* SceneDelegate.swift in Sources */ = {isa = PBXBuildFile; fileRef = A8355E3F291289A100D9A6F3 /* SceneDelegate.swift */; };
		A8355E42291289A100D9A6F3 /* ViewController.swift in Sources */ = {isa = PBXBuildFile; fileRef = A8355E41291289A100D9A6F3 /* ViewController.swift */; };
		A8355E45291289A100D9A6F3 /* Main.storyboard in Resources */ = {isa = PBXBuildFile; fileRef = A8355E43291289A100D9A6F3 /* Main.storyboard */; };
		A8355E47291289A200D9A6F3 /* Assets.xcassets in Resources */ = {isa = PBXBuildFile; fileRef = A8355E46291289A200D9A6F3 /* Assets.xcassets */; };
		A8355E4A291289A200D9A6F3 /* LaunchScreen.storyboard in Resources */ = {isa = PBXBuildFile; fileRef = A8355E48291289A200D9A6F3 /* LaunchScreen.storyboard */; };
		A8355E55291289A200D9A6F3 /* Unit_test_cases_RepositoryTests.swift in Sources */ = {isa = PBXBuildFile; fileRef = A8355E54291289A200D9A6F3 /* Unit_test_cases_RepositoryTests.swift */; };
		A8355E5F291289A200D9A6F3 /* Unit_test_cases_RepositoryUITests.swift in Sources */ = {isa = PBXBuildFile; fileRef = A8355E5E291289A200D9A6F3 /* Unit_test_cases_RepositoryUITests.swift */; };
		A8355E61291289A200D9A6F3 /* Unit_test_cases_RepositoryUITestsLaunchTests.swift in Sources */ = {isa = PBXBuildFile; fileRef = A8355E60291289A200D9A6F3 /* Unit_test_cases_RepositoryUITestsLaunchTests.swift */; };
/* End PBXBuildFile section */

/* Begin PBXContainerItemProxy section */
		A8355E51291289A200D9A6F3 /* PBXContainerItemProxy */ = {
			isa = PBXContainerItemProxy;
			containerPortal = A8355E32291289A100D9A6F3 /* Project object */;
			proxyType = 1;
			remoteGlobalIDString = A8355E39291289A100D9A6F3;
			remoteInfo = "Unit test cases Repository";
		};
		A8355E5B291289A200D9A6F3 /* PBXContainerItemProxy */ = {
			isa = PBXContainerItemProxy;
			containerPortal = A8355E32291289A100D9A6F3 /* Project object */;
			proxyType = 1;
			remoteGlobalIDString = A8355E39291289A100D9A6F3;
			remoteInfo = "Unit test cases Repository";
		};
/* End PBXContainerItemProxy section */

/* Begin PBXFileReference section */
		A8355E3A291289A100D9A6F3 /* Unit test cases Repository.app */ = {isa = PBXFileReference; explicitFileType = wrapper.application; includeInIndex = 0; path = "Unit test cases Repository.app"; sourceTree = BUILT_PRODUCTS_DIR; };
		A8355E3D291289A100D9A6F3 /* AppDelegate.swift */ = {isa = PBXFileReference; lastKnownFileType = sourcecode.swift; path = AppDelegate.swift; sourceTree = "<group>"; };
		A8355E3F291289A100D9A6F3 /* SceneDelegate.swift */ = {isa = PBXFileReference; lastKnownFileType = sourcecode.swift; path = SceneDelegate.swift; sourceTree = "<group>"; };
		A8355E41291289A100D9A6F3 /* ViewController.swift */ = {isa = PBXFileReference; lastKnownFileType = sourcecode.swift; path = ViewController.swift; sourceTree = "<group>"; };
		A8355E44291289A100D9A6F3 /* Base */ = {isa = PBXFileReference; lastKnownFileType = file.storyboard; name = Base; path = Base.lproj/Main.storyboard; sourceTree = "<group>"; };
		A8355E46291289A200D9A6F3 /* Assets.xcassets */ = {isa = PBXFileReference; lastKnownFileType = folder.assetcatalog; path = Assets.xcassets; sourceTree = "<group>"; };
		A8355E49291289A200D9A6F3 /* Base */ = {isa = PBXFileReference; lastKnownFileType = file.storyboard; name = Base; path = Base.lproj/LaunchScreen.storyboard; sourceTree = "<group>"; };
		A8355E4B291289A200D9A6F3 /* Info.plist */ = {isa = PBXFileReference; lastKnownFileType = text.plist.xml; path = Info.plist; sourceTree = "<group>"; };
		A8355E50291289A200D9A6F3 /* Unit test cases RepositoryTests.xctest */ = {isa = PBXFileReference; explicitFileType = wrapper.cfbundle; includeInIndex = 0; path = "Unit test cases RepositoryTests.xctest"; sourceTree = BUILT_PRODUCTS_DIR; };
		A8355E54291289A200D9A6F3 /* Unit_test_cases_RepositoryTests.swift */ = {isa = PBXFileReference; lastKnownFileType = sourcecode.swift; path = Unit_test_cases_RepositoryTests.swift; sourceTree = "<group>"; };
		A8355E5A291289A200D9A6F3 /* Unit test cases RepositoryUITests.xctest */ = {isa = PBXFileReference; explicitFileType = wrapper.cfbundle; includeInIndex = 0; path = "Unit test cases RepositoryUITests.xctest"; sourceTree = BUILT_PRODUCTS_DIR; };
		A8355E5E291289A200D9A6F3 /* Unit_test_cases_RepositoryUITests.swift */ = {isa = PBXFileReference; lastKnownFileType = sourcecode.swift; path = Unit_test_cases_RepositoryUITests.swift; sourceTree = "<group>"; };
		A8355E60291289A200D9A6F3 /* Unit_test_cases_RepositoryUITestsLaunchTests.swift */ = {isa = PBXFileReference; lastKnownFileType = sourcecode.swift; path = Unit_test_cases_RepositoryUITestsLaunchTests.swift; sourceTree = "<group>"; };
/* End PBXFileReference section */

/* Begin PBXFrameworksBuildPhase section */
		A8355E37291289A100D9A6F3 /* Frameworks */ = {
			isa = PBXFrameworksBuildPhase;
			buildActionMask = 2147483647;
			files = (
			);
			runOnlyForDeploymentPostprocessing = 0;
		};
		A8355E4D291289A200D9A6F3 /* Frameworks */ = {
			isa = PBXFrameworksBuildPhase;
			buildActionMask = 2147483647;
			files = (
			);
			runOnlyForDeploymentPostprocessing = 0;
		};
		A8355E57291289A200D9A6F3 /* Frameworks */ = {
			isa = PBXFrameworksBuildPhase;
			buildActionMask = 2147483647;
			files = (
			);
			runOnlyForDeploymentPostprocessing = 0;
		};
/* End PBXFrameworksBuildPhase section */

/* Begin PBXGroup section */
		A8355E31291289A100D9A6F3 = {
			isa = PBXGroup;
			children = (
				A8355E3C291289A100D9A6F3 /* Unit test cases Repository */,
				A8355E53291289A200D9A6F3 /* Unit test cases RepositoryTests */,
				A8355E5D291289A200D9A6F3 /* Unit test cases RepositoryUITests */,
				A8355E3B291289A100D9A6F3 /* Products */,
			);
			sourceTree = "<group>";
		};
		A8355E3B291289A100D9A6F3 /* Products */ = {
			isa = PBXGroup;
			children = (
				A8355E3A291289A100D9A6F3 /* Unit test cases Repository.app */,
				A8355E50291289A200D9A6F3 /* Unit test cases RepositoryTests.xctest */,
				A8355E5A291289A200D9A6F3 /* Unit test cases RepositoryUITests.xctest */,
			);
			name = Products;
			sourceTree = "<group>";
		};
		A8355E3C291289A100D9A6F3 /* Unit test cases Repository */ = {
			isa = PBXGroup;
			children = (
				A8355E3D291289A100D9A6F3 /* AppDelegate.swift */,
				A8355E3F291289A100D9A6F3 /* SceneDelegate.swift */,
				A8355E41291289A100D9A6F3 /* ViewController.swift */,
				A8355E43291289A100D9A6F3 /* Main.storyboard */,
				A8355E46291289A200D9A6F3 /* Assets.xcassets */,
				A8355E48291289A200D9A6F3 /* LaunchScreen.storyboard */,
				A8355E4B291289A200D9A6F3 /* Info.plist */,
			);
			path = "Unit test cases Repository";
			sourceTree = "<group>";
		};
		A8355E53291289A200D9A6F3 /* Unit test cases RepositoryTests */ = {
			isa = PBXGroup;
			children = (
				A8355E54291289A200D9A6F3 /* Unit_test_cases_RepositoryTests.swift */,
			);
			path = "Unit test cases RepositoryTests";
			sourceTree = "<group>";
		};
		A8355E5D291289A200D9A6F3 /* Unit test cases RepositoryUITests */ = {
			isa = PBXGroup;
			children = (
				A8355E5E291289A200D9A6F3 /* Unit_test_cases_RepositoryUITests.swift */,
				A8355E60291289A200D9A6F3 /* Unit_test_cases_RepositoryUITestsLaunchTests.swift */,
			);
			path = "Unit test cases RepositoryUITests";
			sourceTree = "<group>";
		};
/* End PBXGroup section */

/* Begin PBXNativeTarget section */
		A8355E39291289A100D9A6F3 /* Unit test cases Repository */ = {
			isa = PBXNativeTarget;
			buildConfigurationList = A8355E64291289A200D9A6F3 /* Build configuration list for PBXNativeTarget "Unit test cases Repository" */;
			buildPhases = (
				A8355E36291289A100D9A6F3 /* Sources */,
				A8355E37291289A100D9A6F3 /* Frameworks */,
				A8355E38291289A100D9A6F3 /* Resources */,
			);
			buildRules = (
			);
			dependencies = (
			);
			name = "Unit test cases Repository";
			productName = "Unit test cases Repository";
			productReference = A8355E3A291289A100D9A6F3 /* Unit test cases Repository.app */;
			productType = "com.apple.product-type.application";
		};
		A8355E4F291289A200D9A6F3 /* Unit test cases RepositoryTests */ = {
			isa = PBXNativeTarget;
			buildConfigurationList = A8355E67291289A200D9A6F3 /* Build configuration list for PBXNativeTarget "Unit test cases RepositoryTests" */;
			buildPhases = (
				A8355E4C291289A200D9A6F3 /* Sources */,
				A8355E4D291289A200D9A6F3 /* Frameworks */,
				A8355E4E291289A200D9A6F3 /* Resources */,
			);
			buildRules = (
			);
			dependencies = (
				A8355E52291289A200D9A6F3 /* PBXTargetDependency */,
			);
			name = "Unit test cases RepositoryTests";
			productName = "Unit test cases RepositoryTests";
			productReference = A8355E50291289A200D9A6F3 /* Unit test cases RepositoryTests.xctest */;
			productType = "com.apple.product-type.bundle.unit-test";
		};
		A8355E59291289A200D9A6F3 /* Unit test cases RepositoryUITests */ = {
			isa = PBXNativeTarget;
			buildConfigurationList = A8355E6A291289A200D9A6F3 /* Build configuration list for PBXNativeTarget "Unit test cases RepositoryUITests" */;
			buildPhases = (
				A8355E56291289A200D9A6F3 /* Sources */,
				A8355E57291289A200D9A6F3 /* Frameworks */,
				A8355E58291289A200D9A6F3 /* Resources */,
			);
			buildRules = (
			);
			dependencies = (
				A8355E5C291289A200D9A6F3 /* PBXTargetDependency */,
			);
			name = "Unit test cases RepositoryUITests";
			productName = "Unit test cases RepositoryUITests";
			productReference = A8355E5A291289A200D9A6F3 /* Unit test cases RepositoryUITests.xctest */;
			productType = "com.apple.product-type.bundle.ui-testing";
		};
/* End PBXNativeTarget section */

/* Begin PBXProject section */
		A8355E32291289A100D9A6F3 /* Project object */ = {
			isa = PBXProject;
			attributes = {
				BuildIndependentTargetsInParallel = 1;
				LastSwiftUpdateCheck = 1400;
				LastUpgradeCheck = 1400;
				TargetAttributes = {
					A8355E39291289A100D9A6F3 = {
						CreatedOnToolsVersion = 14.0;
					};
					A8355E4F291289A200D9A6F3 = {
						CreatedOnToolsVersion = 14.0;
						TestTargetID = A8355E39291289A100D9A6F3;
					};
					A8355E59291289A200D9A6F3 = {
						CreatedOnToolsVersion = 14.0;
						TestTargetID = A8355E39291289A100D9A6F3;
					};
				};
			};
			buildConfigurationList = A8355E35291289A100D9A6F3 /* Build configuration list for PBXProject "Unit test cases Repository" */;
			compatibilityVersion = "Xcode 14.0";
			developmentRegion = en;
			hasScannedForEncodings = 0;
			knownRegions = (
				en,
				Base,
			);
			mainGroup = A8355E31291289A100D9A6F3;
			productRefGroup = A8355E3B291289A100D9A6F3 /* Products */;
			projectDirPath = "";
			projectRoot = "";
			targets = (
				A8355E39291289A100D9A6F3 /* Unit test cases Repository */,
				A8355E4F291289A200D9A6F3 /* Unit test cases RepositoryTests */,
				A8355E59291289A200D9A6F3 /* Unit test cases RepositoryUITests */,
			);
		};
/* End PBXProject section */

/* Begin PBXResourcesBuildPhase section */
		A8355E38291289A100D9A6F3 /* Resources */ = {
			isa = PBXResourcesBuildPhase;
			buildActionMask = 2147483647;
			files = (
				A8355E4A291289A200D9A6F3 /* LaunchScreen.storyboard in Resources */,
				A8355E47291289A200D9A6F3 /* Assets.xcassets in Resources */,
				A8355E45291289A100D9A6F3 /* Main.storyboard in Resources */,
			);
			runOnlyForDeploymentPostprocessing = 0;
		};
		A8355E4E291289A200D9A6F3 /* Resources */ = {
			isa = PBXResourcesBuildPhase;
			buildActionMask = 2147483647;
			files = (
			);
			runOnlyForDeploymentPostprocessing = 0;
		};
		A8355E58291289A200D9A6F3 /* Resources */ = {
			isa = PBXResourcesBuildPhase;
			buildActionMask = 2147483647;
			files = (
			);
			runOnlyForDeploymentPostprocessing = 0;
		};
/* End PBXResourcesBuildPhase section */

/* Begin PBXSourcesBuildPhase section */
		A8355E36291289A100D9A6F3 /* Sources */ = {
			isa = PBXSourcesBuildPhase;
			buildActionMask = 2147483647;
			files = (
				A8355E42291289A100D9A6F3 /* ViewController.swift in Sources */,
				A8355E3E291289A100D9A6F3 /* AppDelegate.swift in Sources */,
				A8355E40291289A100D9A6F3 /* SceneDelegate.swift in Sources */,
			);
			runOnlyForDeploymentPostprocessing = 0;
		};
		A8355E4C291289A200D9A6F3 /* Sources */ = {
			isa = PBXSourcesBuildPhase;
			buildActionMask = 2147483647;
			files = (
				A8355E55291289A200D9A6F3 /* Unit_test_cases_RepositoryTests.swift in Sources */,
			);
			runOnlyForDeploymentPostprocessing = 0;
		};
		A8355E56291289A200D9A6F3 /* Sources */ = {
			isa = PBXSourcesBuildPhase;
			buildActionMask = 2147483647;
			files = (
				A8355E61291289A200D9A6F3 /* Unit_test_cases_RepositoryUITestsLaunchTests.swift in Sources */,
				A8355E5F291289A200D9A6F3 /* Unit_test_cases_RepositoryUITests.swift in Sources */,
			);
			runOnlyForDeploymentPostprocessing = 0;
		};
/* End PBXSourcesBuildPhase section */

/* Begin PBXTargetDependency section */
		A8355E52291289A200D9A6F3 /* PBXTargetDependency */ = {
			isa = PBXTargetDependency;
			target = A8355E39291289A100D9A6F3 /* Unit test cases Repository */;
			targetProxy = A8355E51291289A200D9A6F3 /* PBXContainerItemProxy */;
		};
		A8355E5C291289A200D9A6F3 /* PBXTargetDependency */ = {
			isa = PBXTargetDependency;
			target = A8355E39291289A100D9A6F3 /* Unit test cases Repository */;
			targetProxy = A8355E5B291289A200D9A6F3 /* PBXContainerItemProxy */;
		};
/* End PBXTargetDependency section */

/* Begin PBXVariantGroup section */
		A8355E43291289A100D9A6F3 /* Main.storyboard */ = {
			isa = PBXVariantGroup;
			children = (
				A8355E44291289A100D9A6F3 /* Base */,
			);
			name = Main.storyboard;
			sourceTree = "<group>";
		};
		A8355E48291289A200D9A6F3 /* LaunchScreen.storyboard */ = {
			isa = PBXVariantGroup;
			children = (
				A8355E49291289A200D9A6F3 /* Base */,
			);
			name = LaunchScreen.storyboard;
			sourceTree = "<group>";
		};
/* End PBXVariantGroup section */

/* Begin XCBuildConfiguration section */
		A8355E62291289A200D9A6F3 /* Debug */ = {
			isa = XCBuildConfiguration;
			buildSettings = {
				ALWAYS_SEARCH_USER_PATHS = NO;
				CLANG_ANALYZER_NONNULL = YES;
				CLANG_ANALYZER_NUMBER_OBJECT_CONVERSION = YES_AGGRESSIVE;
				CLANG_CXX_LANGUAGE_STANDARD = "gnu++20";
				CLANG_ENABLE_MODULES = YES;
				CLANG_ENABLE_OBJC_ARC = YES;
				CLANG_ENABLE_OBJC_WEAK = YES;
				CLANG_WARN_BLOCK_CAPTURE_AUTORELEASING = YES;
				CLANG_WARN_BOOL_CONVERSION = YES;
				CLANG_WARN_COMMA = YES;
				CLANG_WARN_CONSTANT_CONVERSION = YES;
				CLANG_WARN_DEPRECATED_OBJC_IMPLEMENTATIONS = YES;
				CLANG_WARN_DIRECT_OBJC_ISA_USAGE = YES_ERROR;
				CLANG_WARN_DOCUMENTATION_COMMENTS = YES;
				CLANG_WARN_EMPTY_BODY = YES;
				CLANG_WARN_ENUM_CONVERSION = YES;
				CLANG_WARN_INFINITE_RECURSION = YES;
				CLANG_WARN_INT_CONVERSION = YES;
				CLANG_WARN_NON_LITERAL_NULL_CONVERSION = YES;
				CLANG_WARN_OBJC_IMPLICIT_RETAIN_SELF = YES;
				CLANG_WARN_OBJC_LITERAL_CONVERSION = YES;
				CLANG_WARN_OBJC_ROOT_CLASS = YES_ERROR;
				CLANG_WARN_QUOTED_INCLUDE_IN_FRAMEWORK_HEADER = YES;
				CLANG_WARN_RANGE_LOOP_ANALYSIS = YES;
				CLANG_WARN_STRICT_PROTOTYPES = YES;
				CLANG_WARN_SUSPICIOUS_MOVE = YES;
				CLANG_WARN_UNGUARDED_AVAILABILITY = YES_AGGRESSIVE;
				CLANG_WARN_UNREACHABLE_CODE = YES;
				CLANG_WARN__DUPLICATE_METHOD_MATCH = YES;
				COPY_PHASE_STRIP = NO;
				DEBUG_INFORMATION_FORMAT = dwarf;
				ENABLE_STRICT_OBJC_MSGSEND = YES;
				ENABLE_TESTABILITY = YES;
				GCC_C_LANGUAGE_STANDARD = gnu11;
				GCC_DYNAMIC_NO_PIC = NO;
				GCC_NO_COMMON_BLOCKS = YES;
				GCC_OPTIMIZATION_LEVEL = 0;
				GCC_PREPROCESSOR_DEFINITIONS = (
					"DEBUG=1",
					"$(inherited)",
				);
				GCC_WARN_64_TO_32_BIT_CONVERSION = YES;
				GCC_WARN_ABOUT_RETURN_TYPE = YES_ERROR;
				GCC_WARN_UNDECLARED_SELECTOR = YES;
				GCC_WARN_UNINITIALIZED_AUTOS = YES_AGGRESSIVE;
				GCC_WARN_UNUSED_FUNCTION = YES;
				GCC_WARN_UNUSED_VARIABLE = YES;
				IPHONEOS_DEPLOYMENT_TARGET = 16.0;
				MTL_ENABLE_DEBUG_INFO = INCLUDE_SOURCE;
				MTL_FAST_MATH = YES;
				ONLY_ACTIVE_ARCH = YES;
				SDKROOT = iphoneos;
				SWIFT_ACTIVE_COMPILATION_CONDITIONS = DEBUG;
				SWIFT_OPTIMIZATION_LEVEL = "-Onone";
			};
			name = Debug;
		};
		A8355E63291289A200D9A6F3 /* Release */ = {
			isa = XCBuildConfiguration;
			buildSettings = {
				ALWAYS_SEARCH_USER_PATHS = NO;
				CLANG_ANALYZER_NONNULL = YES;
				CLANG_ANALYZER_NUMBER_OBJECT_CONVERSION = YES_AGGRESSIVE;
				CLANG_CXX_LANGUAGE_STANDARD = "gnu++20";
				CLANG_ENABLE_MODULES = YES;
				CLANG_ENABLE_OBJC_ARC = YES;
				CLANG_ENABLE_OBJC_WEAK = YES;
				CLANG_WARN_BLOCK_CAPTURE_AUTORELEASING = YES;
				CLANG_WARN_BOOL_CONVERSION = YES;
				CLANG_WARN_COMMA = YES;
				CLANG_WARN_CONSTANT_CONVERSION = YES;
				CLANG_WARN_DEPRECATED_OBJC_IMPLEMENTATIONS = YES;
				CLANG_WARN_DIRECT_OBJC_ISA_USAGE = YES_ERROR;
				CLANG_WARN_DOCUMENTATION_COMMENTS = YES;
				CLANG_WARN_EMPTY_BODY = YES;
				CLANG_WARN_ENUM_CONVERSION = YES;
				CLANG_WARN_INFINITE_RECURSION = YES;
				CLANG_WARN_INT_CONVERSION = YES;
				CLANG_WARN_NON_LITERAL_NULL_CONVERSION = YES;
				CLANG_WARN_OBJC_IMPLICIT_RETAIN_SELF = YES;
				CLANG_WARN_OBJC_LITERAL_CONVERSION = YES;
				CLANG_WARN_OBJC_ROOT_CLASS = YES_ERROR;
				CLANG_WARN_QUOTED_INCLUDE_IN_FRAMEWORK_HEADER = YES;
				CLANG_WARN_RANGE_LOOP_ANALYSIS = YES;
				CLANG_WARN_STRICT_PROTOTYPES = YES;
				CLANG_WARN_SUSPICIOUS_MOVE = YES;
				CLANG_WARN_UNGUARDED_AVAILABILITY = YES_AGGRESSIVE;
				CLANG_WARN_UNREACHABLE_CODE = YES;
				CLANG_WARN__DUPLICATE_METHOD_MATCH = YES;
				COPY_PHASE_STRIP = NO;
				DEBUG_INFORMATION_FORMAT = "dwarf-with-dsym";
				ENABLE_NS_ASSERTIONS = NO;
				ENABLE_STRICT_OBJC_MSGSEND = YES;
				GCC_C_LANGUAGE_STANDARD = gnu11;
				GCC_NO_COMMON_BLOCKS = YES;
				GCC_WARN_64_TO_32_BIT_CONVERSION = YES;
				GCC_WARN_ABOUT_RETURN_TYPE = YES_ERROR;
				GCC_WARN_UNDECLARED_SELECTOR = YES;
				GCC_WARN_UNINITIALIZED_AUTOS = YES_AGGRESSIVE;
				GCC_WARN_UNUSED_FUNCTION = YES;
				GCC_WARN_UNUSED_VARIABLE = YES;
				IPHONEOS_DEPLOYMENT_TARGET = 16.0;
				MTL_ENABLE_DEBUG_INFO = NO;
				MTL_FAST_MATH = YES;
				SDKROOT = iphoneos;
				SWIFT_COMPILATION_MODE = wholemodule;
				SWIFT_OPTIMIZATION_LEVEL = "-O";
				VALIDATE_PRODUCT = YES;
			};
			name = Release;
		};
		A8355E65291289A200D9A6F3 /* Debug */ = {
			isa = XCBuildConfiguration;
			buildSettings = {
				ASSETCATALOG_COMPILER_APPICON_NAME = AppIcon;
				ASSETCATALOG_COMPILER_GLOBAL_ACCENT_COLOR_NAME = AccentColor;
				CODE_SIGN_STYLE = Automatic;
				CURRENT_PROJECT_VERSION = 1;
				GENERATE_INFOPLIST_FILE = YES;
				INFOPLIST_FILE = "Unit test cases Repository/Info.plist";
				INFOPLIST_KEY_UIApplicationSupportsIndirectInputEvents = YES;
				INFOPLIST_KEY_UILaunchStoryboardName = LaunchScreen;
				INFOPLIST_KEY_UIMainStoryboardFile = Main;
				INFOPLIST_KEY_UISupportedInterfaceOrientations_iPad = "UIInterfaceOrientationPortrait UIInterfaceOrientationPortraitUpsideDown UIInterfaceOrientationLandscapeLeft UIInterfaceOrientationLandscapeRight";
				INFOPLIST_KEY_UISupportedInterfaceOrientations_iPhone = "UIInterfaceOrientationPortrait UIInterfaceOrientationLandscapeLeft UIInterfaceOrientationLandscapeRight";
				LD_RUNPATH_SEARCH_PATHS = (
					"$(inherited)",
					"@executable_path/Frameworks",
				);
				MARKETING_VERSION = 1.0;
				PRODUCT_BUNDLE_IDENTIFIER = "www.xcodePractices.Unit-test-cases-Repository";
				PRODUCT_NAME = "$(TARGET_NAME)";
				SWIFT_EMIT_LOC_STRINGS = YES;
				SWIFT_VERSION = 5.0;
				TARGETED_DEVICE_FAMILY = "1,2";
			};
			name = Debug;
		};
		A8355E66291289A200D9A6F3 /* Release */ = {
			isa = XCBuildConfiguration;
			buildSettings = {
				ASSETCATALOG_COMPILER_APPICON_NAME = AppIcon;
				ASSETCATALOG_COMPILER_GLOBAL_ACCENT_COLOR_NAME = AccentColor;
				CODE_SIGN_STYLE = Automatic;
				CURRENT_PROJECT_VERSION = 1;
				GENERATE_INFOPLIST_FILE = YES;
				INFOPLIST_FILE = "Unit test cases Repository/Info.plist";
				INFOPLIST_KEY_UIApplicationSupportsIndirectInputEvents = YES;
				INFOPLIST_KEY_UILaunchStoryboardName = LaunchScreen;
				INFOPLIST_KEY_UIMainStoryboardFile = Main;
				INFOPLIST_KEY_UISupportedInterfaceOrientations_iPad = "UIInterfaceOrientationPortrait UIInterfaceOrientationPortraitUpsideDown UIInterfaceOrientationLandscapeLeft UIInterfaceOrientationLandscapeRight";
				INFOPLIST_KEY_UISupportedInterfaceOrientations_iPhone = "UIInterfaceOrientationPortrait UIInterfaceOrientationLandscapeLeft UIInterfaceOrientationLandscapeRight";
				LD_RUNPATH_SEARCH_PATHS = (
					"$(inherited)",
					"@executable_path/Frameworks",
				);
				MARKETING_VERSION = 1.0;
				PRODUCT_BUNDLE_IDENTIFIER = "www.xcodePractices.Unit-test-cases-Repository";
				PRODUCT_NAME = "$(TARGET_NAME)";
				SWIFT_EMIT_LOC_STRINGS = YES;
				SWIFT_VERSION = 5.0;
				TARGETED_DEVICE_FAMILY = "1,2";
			};
			name = Release;
		};
		A8355E68291289A200D9A6F3 /* Debug */ = {
			isa = XCBuildConfiguration;
			buildSettings = {
				ALWAYS_EMBED_SWIFT_STANDARD_LIBRARIES = YES;
				BUNDLE_LOADER = "$(TEST_HOST)";
				CODE_SIGN_STYLE = Automatic;
				CURRENT_PROJECT_VERSION = 1;
				GENERATE_INFOPLIST_FILE = YES;
				IPHONEOS_DEPLOYMENT_TARGET = 16.0;
				MARKETING_VERSION = 1.0;
				PRODUCT_BUNDLE_IDENTIFIER = "www.xcodePractices.Unit-test-cases-RepositoryTests";
				PRODUCT_NAME = "$(TARGET_NAME)";
				SWIFT_EMIT_LOC_STRINGS = NO;
				SWIFT_VERSION = 5.0;
				TARGETED_DEVICE_FAMILY = "1,2";
				TEST_HOST = "$(BUILT_PRODUCTS_DIR)/Unit test cases Repository.app/$(BUNDLE_EXECUTABLE_FOLDER_PATH)/Unit test cases Repository";
			};
			name = Debug;
		};
		A8355E69291289A200D9A6F3 /* Release */ = {
			isa = XCBuildConfiguration;
			buildSettings = {
				ALWAYS_EMBED_SWIFT_STANDARD_LIBRARIES = YES;
				BUNDLE_LOADER = "$(TEST_HOST)";
				CODE_SIGN_STYLE = Automatic;
				CURRENT_PROJECT_VERSION = 1;
				GENERATE_INFOPLIST_FILE = YES;
				IPHONEOS_DEPLOYMENT_TARGET = 16.0;
				MARKETING_VERSION = 1.0;
				PRODUCT_BUNDLE_IDENTIFIER = "www.xcodePractices.Unit-test-cases-RepositoryTests";
				PRODUCT_NAME = "$(TARGET_NAME)";
				SWIFT_EMIT_LOC_STRINGS = NO;
				SWIFT_VERSION = 5.0;
				TARGETED_DEVICE_FAMILY = "1,2";
				TEST_HOST = "$(BUILT_PRODUCTS_DIR)/Unit test cases Repository.app/$(BUNDLE_EXECUTABLE_FOLDER_PATH)/Unit test cases Repository";
			};
			name = Release;
		};
		A8355E6B291289A200D9A6F3 /* Debug */ = {
			isa = XCBuildConfiguration;
			buildSettings = {
				ALWAYS_EMBED_SWIFT_STANDARD_LIBRARIES = YES;
				CODE_SIGN_STYLE = Automatic;
				CURRENT_PROJECT_VERSION = 1;
				GENERATE_INFOPLIST_FILE = YES;
				MARKETING_VERSION = 1.0;
				PRODUCT_BUNDLE_IDENTIFIER = "www.xcodePractices.Unit-test-cases-RepositoryUITests";
				PRODUCT_NAME = "$(TARGET_NAME)";
				SWIFT_EMIT_LOC_STRINGS = NO;
				SWIFT_VERSION = 5.0;
				TARGETED_DEVICE_FAMILY = "1,2";
				TEST_TARGET_NAME = "Unit test cases Repository";
			};
			name = Debug;
		};
		A8355E6C291289A200D9A6F3 /* Release */ = {
			isa = XCBuildConfiguration;
			buildSettings = {
				ALWAYS_EMBED_SWIFT_STANDARD_LIBRARIES = YES;
				CODE_SIGN_STYLE = Automatic;
				CURRENT_PROJECT_VERSION = 1;
				GENERATE_INFOPLIST_FILE = YES;
				MARKETING_VERSION = 1.0;
				PRODUCT_BUNDLE_IDENTIFIER = "www.xcodePractices.Unit-test-cases-RepositoryUITests";
				PRODUCT_NAME = "$(TARGET_NAME)";
				SWIFT_EMIT_LOC_STRINGS = NO;
				SWIFT_VERSION = 5.0;
				TARGETED_DEVICE_FAMILY = "1,2";
				TEST_TARGET_NAME = "Unit test cases Repository";
			};
			name = Release;
		};
/* End XCBuildConfiguration section */

/* Begin XCConfigurationList section */
		A8355E35291289A100D9A6F3 /* Build configuration list for PBXProject "Unit test cases Repository" */ = {
			isa = XCConfigurationList;
			buildConfigurations = (
				A8355E62291289A200D9A6F3 /* Debug */,
				A8355E63291289A200D9A6F3 /* Release */,
			);
			defaultConfigurationIsVisible = 0;
			defaultConfigurationName = Release;
		};
		A8355E64291289A200D9A6F3 /* Build configuration list for PBXNativeTarget "Unit test cases Repository" */ = {
			isa = XCConfigurationList;
			buildConfigurations = (
				A8355E65291289A200D9A6F3 /* Debug */,
				A8355E66291289A200D9A6F3 /* Release */,
			);
			defaultConfigurationIsVisible = 0;
			defaultConfigurationName = Release;
		};
		A8355E67291289A200D9A6F3 /* Build configuration list for PBXNativeTarget "Unit test cases RepositoryTests" */ = {
			isa = XCConfigurationList;
			buildConfigurations = (
				A8355E68291289A200D9A6F3 /* Debug */,
				A8355E69291289A200D9A6F3 /* Release */,
			);
			defaultConfigurationIsVisible = 0;
			defaultConfigurationName = Release;
		};
		A8355E6A291289A200D9A6F3 /* Build configuration list for PBXNativeTarget "Unit test cases RepositoryUITests" */ = {
			isa = XCConfigurationList;
			buildConfigurations = (
				A8355E6B291289A200D9A6F3 /* Debug */,
				A8355E6C291289A200D9A6F3 /* Release */,
			);
			defaultConfigurationIsVisible = 0;
			defaultConfigurationName = Release;
		};
/* End XCConfigurationList section */
	};
	rootObject = A8355E32291289A100D9A6F3 /* Project object */;
}
